
Microsoft Visual Studio Solution File, Format Version 12.00
# Visual Studio Version 17
VisualStudioVersion = 17.0.31903.59
MinimumVisualStudioVersion = 10.0.40219.1
Project("{2150E333-8FDC-42A3-9474-1A3956D46DE8}") = "src", "src", "{827E0CD3-B72D-47B6-A68D-7590B98EB39B}"
EndProject
Project("{FAE04EC0-301F-11D3-BF4B-00C04F79EFBC}") = "DesktopApp", "src\DesktopApp\DesktopApp.csproj", "{1DC789C0-9A10-40ED-BAFE-404C766686C2}"
EndProject
Project("{FAE04EC0-301F-11D3-BF4B-00C04F79EFBC}") = "WebView", "src\WebView\WebView.csproj", "{88F9D92B-7EB8-4D5D-A7AF-EC471ECF1C16}"
EndProject
Project("{FAE04EC0-301F-11D3-BF4B-00C04F79EFBC}") = "Common", "src\Common\Common.csproj", "{C6CD8C59-B463-4E5F-8909-8279F7A2420E}"
EndProject
Project("{FAE04EC0-301F-11D3-BF4B-00C04F79EFBC}") = "WebView.Interop", "src\WebView.Interop\WebView.Interop.csproj", "{B141DA10-83F0-4A1D-914B-316AE9A44DF7}"
EndProject
Project("{54A90642-561A-4BB1-A94E-469ADEE60C69}") = "WebApp", "src\WebApp\WebApp.esproj", "{5B195363-25AA-4491-84CC-48F28FE532FE}"
EndProject
Global
	GlobalSection(SolutionConfigurationPlatforms) = preSolution
		Debug|Any CPU = Debug|Any CPU
		Debug|x64 = Debug|x64
		Debug|x86 = Debug|x86
		Release|Any CPU = Release|Any CPU
		Release|x64 = Release|x64
		Release|x86 = Release|x86
	EndGlobalSection
	GlobalSection(ProjectConfigurationPlatforms) = postSolution
		{1DC789C0-9A10-40ED-BAFE-404C766686C2}.Debug|Any CPU.ActiveCfg = Debug|Any CPU
		{1DC789C0-9A10-40ED-BAFE-404C766686C2}.Debug|Any CPU.Build.0 = Debug|Any CPU
		{1DC789C0-9A10-40ED-BAFE-404C766686C2}.Debug|x64.ActiveCfg = Debug|Any CPU
		{1DC789C0-9A10-40ED-BAFE-404C766686C2}.Debug|x64.Build.0 = Debug|Any CPU
		{1DC789C0-9A10-40ED-BAFE-404C766686C2}.Debug|x86.ActiveCfg = Debug|Any CPU
		{1DC789C0-9A10-40ED-BAFE-404C766686C2}.Debug|x86.Build.0 = Debug|Any CPU
		{1DC789C0-9A10-40ED-BAFE-404C766686C2}.Release|Any CPU.ActiveCfg = Release|Any CPU
		{1DC789C0-9A10-40ED-BAFE-404C766686C2}.Release|Any CPU.Build.0 = Release|Any CPU
		{1DC789C0-9A10-40ED-BAFE-404C766686C2}.Release|x64.ActiveCfg = Release|Any CPU
		{1DC789C0-9A10-40ED-BAFE-404C766686C2}.Release|x64.Build.0 = Release|Any CPU
		{1DC789C0-9A10-40ED-BAFE-404C766686C2}.Release|x86.ActiveCfg = Release|Any CPU
		{1DC789C0-9A10-40ED-BAFE-404C766686C2}.Release|x86.Build.0 = Release|Any CPU
		{88F9D92B-7EB8-4D5D-A7AF-EC471ECF1C16}.Debug|Any CPU.ActiveCfg = Debug|Any CPU
		{88F9D92B-7EB8-4D5D-A7AF-EC471ECF1C16}.Debug|Any CPU.Build.0 = Debug|Any CPU
		{88F9D92B-7EB8-4D5D-A7AF-EC471ECF1C16}.Debug|x64.ActiveCfg = Debug|Any CPU
		{88F9D92B-7EB8-4D5D-A7AF-EC471ECF1C16}.Debug|x64.Build.0 = Debug|Any CPU
		{88F9D92B-7EB8-4D5D-A7AF-EC471ECF1C16}.Debug|x86.ActiveCfg = Debug|Any CPU
		{88F9D92B-7EB8-4D5D-A7AF-EC471ECF1C16}.Debug|x86.Build.0 = Debug|Any CPU
		{88F9D92B-7EB8-4D5D-A7AF-EC471ECF1C16}.Release|Any CPU.ActiveCfg = Release|Any CPU
		{88F9D92B-7EB8-4D5D-A7AF-EC471ECF1C16}.Release|Any CPU.Build.0 = Release|Any CPU
		{88F9D92B-7EB8-4D5D-A7AF-EC471ECF1C16}.Release|x64.ActiveCfg = Release|Any CPU
		{88F9D92B-7EB8-4D5D-A7AF-EC471ECF1C16}.Release|x64.Build.0 = Release|Any CPU
		{88F9D92B-7EB8-4D5D-A7AF-EC471ECF1C16}.Release|x86.ActiveCfg = Release|Any CPU
		{88F9D92B-7EB8-4D5D-A7AF-EC471ECF1C16}.Release|x86.Build.0 = Release|Any CPU
		{C6CD8C59-B463-4E5F-8909-8279F7A2420E}.Debug|Any CPU.ActiveCfg = Debug|Any CPU
		{C6CD8C59-B463-4E5F-8909-8279F7A2420E}.Debug|Any CPU.Build.0 = Debug|Any CPU
		{C6CD8C59-B463-4E5F-8909-8279F7A2420E}.Debug|x64.ActiveCfg = Debug|Any CPU
		{C6CD8C59-B463-4E5F-8909-8279F7A2420E}.Debug|x64.Build.0 = Debug|Any CPU
		{C6CD8C59-B463-4E5F-8909-8279F7A2420E}.Debug|x86.ActiveCfg = Debug|Any CPU
		{C6CD8C59-B463-4E5F-8909-8279F7A2420E}.Debug|x86.Build.0 = Debug|Any CPU
		{C6CD8C59-B463-4E5F-8909-8279F7A2420E}.Release|Any CPU.ActiveCfg = Release|Any CPU
		{C6CD8C59-B463-4E5F-8909-8279F7A2420E}.Release|Any CPU.Build.0 = Release|Any CPU
		{C6CD8C59-B463-4E5F-8909-8279F7A2420E}.Release|x64.ActiveCfg = Release|Any CPU
		{C6CD8C59-B463-4E5F-8909-8279F7A2420E}.Release|x64.Build.0 = Release|Any CPU
		{C6CD8C59-B463-4E5F-8909-8279F7A2420E}.Release|x86.ActiveCfg = Release|Any CPU
		{C6CD8C59-B463-4E5F-8909-8279F7A2420E}.Release|x86.Build.0 = Release|Any CPU
		{B141DA10-83F0-4A1D-914B-316AE9A44DF7}.Debug|Any CPU.ActiveCfg = Debug|Any CPU
		{B141DA10-83F0-4A1D-914B-316AE9A44DF7}.Debug|Any CPU.Build.0 = Debug|Any CPU
		{B141DA10-83F0-4A1D-914B-316AE9A44DF7}.Debug|x64.ActiveCfg = Debug|Any CPU
		{B141DA10-83F0-4A1D-914B-316AE9A44DF7}.Debug|x64.Build.0 = Debug|Any CPU
		{B141DA10-83F0-4A1D-914B-316AE9A44DF7}.Debug|x86.ActiveCfg = Debug|Any CPU
		{B141DA10-83F0-4A1D-914B-316AE9A44DF7}.Debug|x86.Build.0 = Debug|Any CPU
		{B141DA10-83F0-4A1D-914B-316AE9A44DF7}.Release|Any CPU.ActiveCfg = Release|Any CPU
		{B141DA10-83F0-4A1D-914B-316AE9A44DF7}.Release|Any CPU.Build.0 = Release|Any CPU
		{B141DA10-83F0-4A1D-914B-316AE9A44DF7}.Release|x64.ActiveCfg = Release|Any CPU
		{B141DA10-83F0-4A1D-914B-316AE9A44DF7}.Release|x64.Build.0 = Release|Any CPU
		{B141DA10-83F0-4A1D-914B-316AE9A44DF7}.Release|x86.ActiveCfg = Release|Any CPU
		{B141DA10-83F0-4A1D-914B-316AE9A44DF7}.Release|x86.Build.0 = Release|Any CPU
		{5B195363-25AA-4491-84CC-48F28FE532FE}.Debug|Any CPU.ActiveCfg = Debug|Any CPU
		{5B195363-25AA-4491-84CC-48F28FE532FE}.Debug|x64.ActiveCfg = Debug|Any CPU
		{5B195363-25AA-4491-84CC-48F28FE532FE}.Debug|x86.ActiveCfg = Debug|Any CPU
		{5B195363-25AA-4491-84CC-48F28FE532FE}.Release|Any CPU.ActiveCfg = Release|Any CPU
		{5B195363-25AA-4491-84CC-48F28FE532FE}.Release|x64.ActiveCfg = Release|Any CPU
		{5B195363-25AA-4491-84CC-48F28FE532FE}.Release|x86.ActiveCfg = Release|Any CPU
	EndGlobalSection
	GlobalSection(SolutionProperties) = preSolution
		HideSolutionNode = FALSE
	EndGlobalSection
	GlobalSection(NestedProjects) = preSolution
		{1DC789C0-9A10-40ED-BAFE-404C766686C2} = {827E0CD3-B72D-47B6-A68D-7590B98EB39B}
		{88F9D92B-7EB8-4D5D-A7AF-EC471ECF1C16} = {827E0CD3-B72D-47B6-A68D-7590B98EB39B}
		{C6CD8C59-B463-4E5F-8909-8279F7A2420E} = {827E0CD3-B72D-47B6-A68D-7590B98EB39B}
		{B141DA10-83F0-4A1D-914B-316AE9A44DF7} = {827E0CD3-B72D-47B6-A68D-7590B98EB39B}
		{5B195363-25AA-4491-84CC-48F28FE532FE} = {827E0CD3-B72D-47B6-A68D-7590B98EB39B}
	EndGlobalSection
EndGlobal
